annotated-doc==0.0.5 \
    --hash=sha256:117bac03a25ede5df5440e855b32d556049ca169ead221505badf432fed4b101 \
    --hash=sha256:c7e58ce09192557605d8bbd92836d7e1d520ac9580096042c0bfd197efacf1bb
annotated-types==0.8.0 \
    --hash=sha256:13b2beaad985e05e2d6407ee4c4f35590b11f8d693a258a561055cac8f64cab7 \
    --hash=sha256:f072f4d804ea359e4eaf198b1af7a8b0943881a87f31bb764f8bf219bb9419e0
anyio==4.15.1 \
    --hash=sha256:6152fdbbf9a77fdec97731721bebf7c4c44f7c29b424b0065826173efc7ed101 \
    --hash=sha256:9f28306018cbd6d329e64a36d58256edff76dd996fe423bc957326e578b82a94
click==8.5.0 \
    --hash=sha256:255bc9599cf7748b4b1a446ccc735421bd08a2ae529a8b88597d3de5664ee360 \
    --hash=sha256:ba0d2089de75ea0310e2dde03160e6ca10009947fb95a182f9b54021bb272e34
colorama==0.4.6 ; sys_platform == 'win32' \
    --hash=sha256:08695f5cb7ed6e0531a20572697297273c47b8cae5a63ffc6d6ed5c201be6e44 \
    --hash=sha256:4f1d9991f5acc0ca119f9d443620b77f9d6b33703e51011c16baf57afb285fc6
exceptiongroup==1.3.1 ; python_full_version < '3.11' \
    --hash=sha256:8b412432c6055b0b7d14c310000ae93352ed6754f70fa8f7c34141f91c4e3219 \
    --hash=sha256:a7a39a3bd276781e98394987d3a5701d0c4edffb633bb7a5144577f82c773598
fastapi==0.141.1 \
    --hash=sha256:bfb91aa2d334c61cb35ba9a116fc123b3d3df31640b801cf57a7a78ec3f603b3 \
    --hash=sha256:e8822fc40db1e1858054d7a949a888695bc9bdce70139178e33bd2871a453ca1
h11==0.16.0 \
    --hash=sha256:4e35b956cf45792e4caa5885e69fba00bdbc6ffafbfa020300e549b208ee5ff1 \
    --hash=sha256:63cf8bbe7522de3bf65932fda1d9c2772064ffb3dae62d55932da54b31cb6c86
httptools==0.8.0 \
    --hash=sha256:0770728beb05094c809b98e814edff5fef69d26ad7d21185f2f6d5884a0ba683 \
    --hash=sha256:0ea897f0c729581ebf72131a438a7932d9b14efef72d75ada966700cac3caaeb \
    --hash=sha256:159e9ab5f701ccd42e555a12f1ad8ff69702910fc1c996cf2bb66e5fcb7a231b \
    --hash=sha256:19d1ee275bb59ba2643ba9a3a1e51cc0c788caf2b8df506368e03f56fdd08527 \
    --hash=sha256:20b4aac66ff65f7db06a375808b78f42a94970aa22e826b3cb2b43eb09174124 \
    --hash=sha256:2a021c3a8e65cc125390d72f59b968afca3bdcaff25bd67965e0a055a14946ca \
    --hash=sha256:2c032fa028f46871ec7e1fc59fc15e8023eab3e6bbe6ece786a1611719a5d081 \
    --hash=sha256:2d689918c15a013c65ef52d9fd495d766893ab831a2c8d89f2ac5940a5df847c \
    --hash=sha256:384c17174464c8e873398b7af24f0b1f44d992c820328413951a625323155d77 \
    --hash=sha256:425f83884fd6343828d8c565f046cb72b6d19063f6924093e11bcd8e1548cd09 \
    --hash=sha256:48774d39cbb70e2b1f71f88852a3087ae1d3a1eb80482bb48c13067ab080c14f \
    --hash=sha256:52dd695b865fe96d9d2b16b64a895f3f57bf3cb064e8383cd3b5713a069e8085 \
    --hash=sha256:57278e6fa0424c42a8a3e454828ab4f0aff27b40cddf9679579b98c6dce6a376 \
    --hash=sha256:5931891fb7b441b8a3853cf1b85c82c903defce084dd5f6771ca46e31bf862c5 \
    --hash=sha256:5d7fa4ba7292c1139c0526f0b5aad507c6263c948206ea1b1cbca015c8af1b62 \
    --hash=sha256:5eb911c515b96ee44bbd861e42cbefc488681d450545b1d02127f6136e3a86f5 \
    --hash=sha256:614ceea8ea606848bece2338ac03b3ce5324bcb4be8dc7d377ed708012fa4db8 \
    --hash=sha256:6a43c9dd399758ccc0531acb0a3c4a6c299ee893ee9400e9c893b7bdcfae0681 \
    --hash=sha256:6b2a32f18d97e16e90827d7a819ffa8dbd8cc245fc4e1fa9d1095b54ef4bd999 \
    --hash=sha256:7685df791fad561384bfb139e77fde27a1ffd93134e016f95a0db424ffbf77b1 \
    --hash=sha256:7b71e7d7031928c650e1006e6c03e911bf967f7c69c011d37d541c3e7bf55005 \
    --hash=sha256:880490234c10f70a9830743097e8958d6e4b9f5a0ffc24515023afeef984054d \
    --hash=sha256:88bdd940f2b5d487b4d032c6afa5489a7dc4694410d43de3c38c4fb3af0dc45d \
    --hash=sha256:88eead8ec8680a9f146c655bc88445a325bd7921cfd8194c7337e9467282427d \
    --hash=sha256:9518c406d7b310f05adb1a37f80acabac40504a575d7c0da6d3e365c695ac20d \
    --hash=sha256:9878eb2785ba5eb70631ad269b37976f73d647955e26c91d490eb8a4edfda4ba \
    --hash=sha256:9fc1644f415372cec4f8a5be3a64183737398f10dbb1263602a036427fe75247 \
    --hash=sha256:a1afd7c9fbff0d9f5d489c4ce2768bd09c84a46ddefc7161e6aa82ae35c85745 \
    --hash=sha256:a1b4c8e7a489a0d750d91894e9a8cdc295838f1924c0ca903ae993456fddec07 \
    --hash=sha256:a3b7387147361c3fd47a0bde763c5c91b5b4cd4dc9989b8ece84ff436c99843b \
    --hash=sha256:a6f21e2a3b0067bbe7f67e34cfd16276af556e5e52f4c7503be0cb5f90e905e4 \
    --hash=sha256:b15fc622b0f869d19207c4089a501d9bcc63ca5e071ffdd2f03f922df882dcb2 \
    --hash=sha256:b205e5f5523fa039679da0dfe5a10132b2a4abeae6a86fdd1ddc035f7f836557 \
    --hash=sha256:bbb8caadb2b742d293169d2b458b5c001ef70e3158704aa3d3ef9597624c5d1d \
    --hash=sha256:bf3b6f807c8541503cecfbb8a8dffb385640d0d96102f3d112aa8740f9b7c826 \
    --hash=sha256:c08ffe3e79756e0963cbc8fe410139f38a5884874b6f2e17761bef6563fdcd9b \
    --hash=sha256:c0d726cc107fceb7d45f978483b4b70dd8caa836f5914d3434bb18628eb73813 \
    --hash=sha256:c4a9f1707e4823d54dfec6c33fa3697d302aed536ed352a7ebb5a061ddb869d0 \
    --hash=sha256:cd96f29b4bab1d42fa6e3d008711c75e0f79e94e06827330160e3a304227f150 \
    --hash=sha256:d76ad7b951387e3632c8716a9bb03ac5b45c5f16119aa409db0459520887944e \
    --hash=sha256:da684f2e1aa2ee9bdcb083f3f3a68c5956750b375bc5df864d3a5f0c42a40b77 \
    --hash=sha256:de1ed58a974e75d56560acc7e7fed01a454994429456f65209789992e41f2568 \
    --hash=sha256:de242a49b5d18e0a8776e654e9f6bf6d89f3875a5c35b425a0e7ce940feb3fd6 \
    --hash=sha256:df31ef5494f406ab6cf827b7e64a22841c6e2d654100e6a116ea15b46d02d5e8 \
    --hash=sha256:e93c227b595c6926c1acee96891dd9da4be338cfbe82e5cd3bb9d8dd7dc4ac0b \
    --hash=sha256:eb3028cca2fc0a6d720e52ef61d8ebb62fcbfeb1de56874546d858d3f25a26b7 \
    --hash=sha256:ed377e64805bdba4943c82717333f8f8603a13b09aff9cead2717c6c817fb168 \
    --hash=sha256:ef7c3c97f4311c7be57e2986629df89d49cb434dbff78eafcd48c2bff986b15a \
    --hash=sha256:f256d6ce930c52ca1cb2a960b7da03548c454e7d28b06059ad41bfe789036ce0 \
    --hash=sha256:fe2a4c95aeba2209434e7b31172da572846cae8ca0bf1e7013e61b99fbbf5e72
idna==3.20 \
    --hash=sha256:a7db850025b95ded1eae8a46181a1a6c56c92c96f0e2b005d9ff8dc0210cab44 \
    --hash=sha256:ab7ae7122974553370f0bdb919e1a960b2cd1bc1ef0276416d896db81c14582c
pydantic==2.10.3 \
    --hash=sha256:be04d85bbc7b65651c5f8e6b9976ed9c6f41782a55524cef079a34a0bb82144d \
    --hash=sha256:cb5ac360ce894ceacd69c403187900a02c4b20b693a9dd1d643e1effab9eadf9
pydantic-core==2.27.1 \
    --hash=sha256:00e6424f4b26fe82d44577b4c842d7df97c20be6439e8e685d0d715feceb9fb9 \
    --hash=sha256:029d9757eb621cc6e1848fa0b0310310de7301057f623985698ed7ebb014391b \
    --hash=sha256:02a3d637bd387c41d46b002f0e49c52642281edacd2740e5a42f7017feea3f2c \
    --hash=sha256:0325336f348dbee6550d129b1627cb8f5351a9dc91aad141ffb96d4937bd9529 \
    --hash=sha256:062f60e512fc7fff8b8a9d680ff0ddaaef0193dba9fa83e679c0c5f5fbd018bc \
    --hash=sha256:0b3dfe500de26c52abe0477dde16192ac39c98f05bf2d80e76102d394bd13854 \
    --hash=sha256:0e4216e64d203e39c62df627aa882f02a2438d18a5f21d7f721621f7a5d3611d \
    --hash=sha256:121ceb0e822f79163dd4699e4c54f5ad38b157084d97b34de8b232bcaad70278 \
    --hash=sha256:159cac0a3d096f79ab6a44d77a961917219707e2a130739c64d4dd46281f5c2a \
    --hash=sha256:15aae984e46de8d376df515f00450d1522077254ef6b7ce189b38ecee7c9677c \
    --hash=sha256:15cc53a3179ba0fcefe1e3ae50beb2784dede4003ad2dfd24f81bba4b23a454f \
    --hash=sha256:161c27ccce13b6b0c8689418da3885d3220ed2eae2ea5e9b2f7f3d48f1d52c27 \
    --hash=sha256:19910754e4cc9c63bc1c7f6d73aa1cfee82f42007e407c0f413695c2f7ed777f \
    --hash=sha256:1ba5e3963344ff25fc8c40da90f44b0afca8cfd89d12964feb79ac1411a260ac \
    --hash=sha256:1c00666a3bd2f84920a4e94434f5974d7bbc57e461318d6bb34ce9cdbbc1f6b2 \
    --hash=sha256:1c39b07d90be6b48968ddc8c19e7585052088fd7ec8d568bb31ff64c70ae3c97 \
    --hash=sha256:206b5cf6f0c513baffaeae7bd817717140770c74528f3e4c3e1cec7871ddd61a \
    --hash=sha256:258c57abf1188926c774a4c94dd29237e77eda19462e5bb901d88adcab6af919 \
    --hash=sha256:2cdf7d86886bc6982354862204ae3b2f7f96f21a3eb0ba5ca0ac42c7b38598b9 \
    --hash=sha256:2d4567c850905d5eaaed2f7a404e61012a51caf288292e016360aa2b96ff38d4 \
    --hash=sha256:35c14ac45fcfdf7167ca76cc80b2001205a8d5d16d80524e13508371fb8cdd9c \
    --hash=sha256:38de0a70160dd97540335b7ad3a74571b24f1dc3ed33f815f0880682e6880131 \
    --hash=sha256:3af385b0cee8df3746c3f406f38bcbfdc9041b5c2d5ce3e5fc6637256e60bbc5 \
    --hash=sha256:3b748c44bb9f53031c8cbc99a8a061bc181c1000c60a30f55393b6e9c45cc5bd \
    --hash=sha256:3bbd5d8cc692616d5ef6fbbbd50dbec142c7e6ad9beb66b78a96e9c16729b089 \
    --hash=sha256:3ccaa88b24eebc0f849ce0a4d09e8a408ec5a94afff395eb69baf868f5183107 \
    --hash=sha256:3fa80ac2bd5856580e242dbc202db873c60a01b20309c8319b5c5986fbe53ce6 \
    --hash=sha256:4228b5b646caa73f119b1ae756216b59cc6e2267201c27d3912b592c5e323b60 \
    --hash=sha256:42b0e23f119b2b456d07ca91b307ae167cc3f6c846a7b169fca5326e32fdc6cf \
    --hash=sha256:45cf8588c066860b623cd11c4ba687f8d7175d5f7ef65f7129df8a394c502de5 \
    --hash=sha256:45d9c5eb9273aa50999ad6adc6be5e0ecea7e09dbd0d31bd0c65a55a2592ca08 \
    --hash=sha256:4603137322c18eaf2e06a4495f426aa8d8388940f3c457e7548145011bb68e05 \
    --hash=sha256:46ccfe3032b3915586e469d4972973f893c0a2bb65669194a5bdea9bacc088c2 \
    --hash=sha256:4fefee876e07a6e9aad7a8c8c9f85b0cdbe7df52b8a9552307b09050f7512c7e \
    --hash=sha256:5556470f1a2157031e676f776c2bc20acd34c1990ca5f7e56f1ebf938b9ab57c \
    --hash=sha256:57866a76e0b3823e0b56692d1a0bf722bffb324839bb5b7226a7dbd6c9a40b17 \
    --hash=sha256:5897bec80a09b4084aee23f9b73a9477a46c3304ad1d2d07acca19723fb1de62 \
    --hash=sha256:58ca98a950171f3151c603aeea9303ef6c235f692fe555e883591103da709b23 \
    --hash=sha256:5ca038c7f6a0afd0b2448941b6ef9d5e1949e999f9e5517692eb6da58e9d44be \
    --hash=sha256:5f6c8a66741c5f5447e047ab0ba7a1c61d1e95580d64bce852e3df1f895c4067 \
    --hash=sha256:5f8c4718cd44ec1580e180cb739713ecda2bdee1341084c1467802a417fe0f02 \
    --hash=sha256:5fde892e6c697ce3e30c61b239330fc5d569a71fefd4eb6512fc6caec9dd9e2f \
    --hash=sha256:62a763352879b84aa31058fc931884055fd75089cccbd9d58bb6afd01141b235 \
    --hash=sha256:62ba45e21cf6571d7f716d903b5b7b6d2617e2d5d67c0923dc47b9d41369f840 \
    --hash=sha256:64c65f40b4cd8b0e049a8edde07e38b476da7e3aaebe63287c899d2cff253fa5 \
    --hash=sha256:655d7dd86f26cb15ce8a431036f66ce0318648f8853d709b4167786ec2fa4807 \
    --hash=sha256:66ff044fd0bb1768688aecbe28b6190f6e799349221fb0de0e6f4048eca14c16 \
    --hash=sha256:672ebbe820bb37988c4d136eca2652ee114992d5d41c7e4858cdd90ea94ffe5c \
    --hash=sha256:6b9af86e1d8e4cfc82c2022bfaa6f459381a50b94a29e95dcdda8442d6d83864 \
    --hash=sha256:6e0bd57539da59a3e4671b90a502da9a28c72322a4f17866ba3ac63a82c4498e \
    --hash=sha256:71a5e35c75c021aaf400ac048dacc855f000bdfed91614b4a726f7432f1f3d6a \
    --hash=sha256:7597c07fbd11515f654d6ece3d0e4e5093edc30a436c63142d9a4b8e22f19c35 \
    --hash=sha256:764be71193f87d460a03f1f7385a82e226639732214b402f9aa61f0d025f0737 \
    --hash=sha256:7699b1df36a48169cdebda7ab5a2bac265204003f153b4bd17276153d997670a \
    --hash=sha256:7ccebf51efc61634f6c2344da73e366c75e735960b5654b63d7e6f69a5885fa3 \
    --hash=sha256:7f7059ca8d64fea7f238994c97d91f75965216bcbe5f695bb44f354893f11d52 \
    --hash=sha256:8065914ff79f7eab1599bd80406681f0ad08f8e47c880f17b416c9f8f7a26d05 \
    --hash=sha256:816f5aa087094099fff7edabb5e01cc370eb21aa1a1d44fe2d2aefdfb5599b31 \
    --hash=sha256:81f2ec23ddc1b476ff96563f2e8d723830b06dceae348ce02914a37cb4e74b89 \
    --hash=sha256:84286494f6c5d05243456e04223d5a9417d7f443c3b76065e75001beb26f88de \
    --hash=sha256:8bf7b66ce12a2ac52d16f776b31d16d91033150266eb796967a7e4621707e4f6 \
    --hash=sha256:8f1edcea27918d748c7e5e4d917297b2a0ab80cad10f86631e488b7cddf76a36 \
    --hash=sha256:981fb88516bd1ae8b0cbbd2034678a39dedc98752f264ac9bc5839d3923fa04c \
    --hash=sha256:98476c98b02c8e9b2eec76ac4156fd006628b1b2d0ef27e548ffa978393fd154 \
    --hash=sha256:992cea5f4f3b29d6b4f7f1726ed8ee46c8331c6b4eed6db5b40134c6fe1768bb \
    --hash=sha256:9a3b0793b1bbfd4146304e23d90045f2a9b5fd5823aa682665fbdaf2a6c28f3e \
    --hash=sha256:9a42d6a8156ff78981f8aa56eb6394114e0dedb217cf8b729f438f643608cbcd \
    --hash=sha256:9c10c309e18e443ddb108f0ef64e8729363adbfd92d6d57beec680f6261556f3 \
    --hash=sha256:9cbd94fc661d2bab2bc702cddd2d3370bbdcc4cd0f8f57488a81bcce90c7a54f \
    --hash=sha256:9fdcf339322a3fae5cbd504edcefddd5a50d9ee00d968696846f089b4432cf78 \
    --hash=sha256:a0697803ed7d4af5e4c1adf1670af078f8fcab7a86350e969f454daf598c4960 \
    --hash=sha256:a28af0695a45f7060e6f9b7092558a928a28553366519f64083c63a44f70e618 \
    --hash=sha256:a2e02889071850bbfd36b56fd6bc98945e23670773bc7a76657e90e6b6603c08 \
    --hash=sha256:a33cd6ad9017bbeaa9ed78a2e0752c5e250eafb9534f308e7a5f7849b0b1bfb4 \
    --hash=sha256:a3cb37038123447cf0f3ea4c74751f6a9d7afef0eb71aa07bf5f652b5e6a132c \
    --hash=sha256:a57847b090d7892f123726202b7daa20df6694cbd583b67a592e856bff603d6c \
    --hash=sha256:a5a8e19d7c707c4cadb8c18f5f60c843052ae83c20fa7d44f41594c644a1d330 \
    --hash=sha256:ac3b20653bdbe160febbea8aa6c079d3df19310d50ac314911ed8cc4eb7f8cb8 \
    --hash=sha256:ac6c2c45c847bbf8f91930d88716a0fb924b51e0c6dad329b793d670ec5db792 \
    --hash=sha256:acc07b2cfc5b835444b44a9956846b578d27beeacd4b52e45489e93276241025 \
    --hash=sha256:aee66be87825cdf72ac64cb03ad4c15ffef4143dbf5c113f64a5ff4f81477bf9 \
    --hash=sha256:af52d26579b308921b73b956153066481f064875140ccd1dfd4e77db89dbb12f \
    --hash=sha256:b94d4ba43739bbe8b0ce4262bcc3b7b9f31459ad120fb595627eaeb7f9b9ca01 \
    --hash=sha256:ba630d5e3db74c79300d9a5bdaaf6200172b107f263c98a0539eeecb857b2337 \
    --hash=sha256:bed0f8a0eeea9fb72937ba118f9db0cb7e90773462af7962d382445f3005e5a4 \
    --hash=sha256:bf99c8404f008750c846cb4ac4667b798a9f7de673ff719d705d9b2d6de49c5f \
    --hash=sha256:c3027001c28434e7ca5a6e1e527487051136aa81803ac812be51802150d880dd \
    --hash=sha256:c65af9088ac534313e1963443d0ec360bb2b9cba6c2909478d22c2e363d98a51 \
    --hash=sha256:d0165ab2914379bd56908c02294ed8405c252250668ebcb438a55494c69f44ab \
    --hash=sha256:d1b26e1dff225c31897696cab7d4f0a315d4c0d9e8666dbffdb28216f3b17fdc \
    --hash=sha256:d950caa237bb1954f1b8c9227b5065ba6875ac9771bb8ec790d956a699b78676 \
    --hash=sha256:dc61505e73298a84a2f317255fcc72b710b72980f3a1f670447a21efc88f8381 \
    --hash=sha256:e173486019cc283dc9778315fa29a363579372fe67045e971e89b6365cc035ed \
    --hash=sha256:e1f735dc43da318cad19b4173dd1ffce1d84aafd6c9b782b3abc04a0d5a6f5bb \
    --hash=sha256:e9386266798d64eeb19dd3677051f5705bf873e98e15897ddb7d76f477131967 \
    --hash=sha256:f216dbce0e60e4d03e0c4353c7023b202d95cbaeff12e5fd2e82ea0a66905073 \
    --hash=sha256:f4e5658dbffe8843a0f12366a4c2d1c316dbe09bb4dfbdc9d2d9cd6031de8aae \
    --hash=sha256:f5a823165e6d04ccea61a9f0576f345f8ce40ed533013580e087bd4d7442b52c \
    --hash=sha256:f69ed81ab24d5a3bd93861c8c4436f54afdf8e8cc421562b0c7504cf3be58206 \
    --hash=sha256:f82d068a2d6ecfc6e054726080af69a6764a10015467d7d7b9f66d6ed5afa23b
python-dotenv==1.2.3 \
    --hash=sha256:904552145e8bfed22162c09dab1c2b9b54fefa7b23ba780f4f26ca0316b0f0d9 \
    --hash=sha256:a20a594dabeaa385725aa239d5244871c143ecb356add8a20fcf23773a6c3a35
pyyaml==6.0.2 \
    --hash=sha256:01179a4a8559ab5de078078f37e5c1a30d76bb88519906844fd7bdea1b7729ff \
    --hash=sha256:0833f8694549e586547b576dcfaba4a6b55b9e96098b36cdc7ebefe667dfed48 \
    --hash=sha256:0a9a2848a5b7feac301353437eb7d5957887edbf81d56e903999a75a3d743086 \
    --hash=sha256:0b69e4ce7a131fe56b7e4d770c67429700908fc0752af059838b1cfb41960e4e \
    --hash=sha256:0ffe8360bab4910ef1b9e87fb812d8bc0a308b0d0eef8c8f44e0254ab3b07133 \
    --hash=sha256:11d8f3dd2b9c1207dcaf2ee0bbbfd5991f571186ec9cc78427ba5bd32afae4b5 \
    --hash=sha256:17e311b6c678207928d649faa7cb0d7b4c26a0ba73d41e99c4fff6b6c3276484 \
    --hash=sha256:1e2120ef853f59c7419231f3bf4e7021f1b936f6ebd222406c3b60212205d2ee \
    --hash=sha256:1f71ea527786de97d1a0cc0eacd1defc0985dcf6b3f17bb77dcfc8c34bec4dc5 \
    --hash=sha256:23502f431948090f597378482b4812b0caae32c22213aecf3b55325e049a6c68 \
    --hash=sha256:24471b829b3bf607e04e88d79542a9d48bb037c2267d7927a874e6c205ca7e9a \
    --hash=sha256:29717114e51c84ddfba879543fb232a6ed60086602313ca38cce623c1d62cfbf \
    --hash=sha256:2e99c6826ffa974fe6e27cdb5ed0021786b03fc98e5ee3c5bfe1fd5015f42b99 \
    --hash=sha256:39693e1f8320ae4f43943590b49779ffb98acb81f788220ea932a6b6c51004d8 \
    --hash=sha256:3ad2a3decf9aaba3d29c8f537ac4b243e36bef957511b4766cb0057d32b0be85 \
    --hash=sha256:3b1fdb9dc17f5a7677423d508ab4f243a726dea51fa5e70992e59a7411c89d19 \
    --hash=sha256:41e4e3953a79407c794916fa277a82531dd93aad34e29c2a514c2c0c5fe971cc \
    --hash=sha256:43fa96a3ca0d6b1812e01ced1044a003533c47f6ee8aca31724f78e93ccc089a \
    --hash=sha256:50187695423ffe49e2deacb8cd10510bc361faac997de9efef88badc3bb9e2d1 \
    --hash=sha256:5ac9328ec4831237bec75defaf839f7d4564be1e6b25ac710bd1a96321cc8317 \
    --hash=sha256:5d225db5a45f21e78dd9358e58a98702a0302f2659a3c6cd320564b75b86f47c \
    --hash=sha256:6395c297d42274772abc367baaa79683958044e5d3835486c16da75d2a694631 \
    --hash=sha256:688ba32a1cffef67fd2e9398a2efebaea461578b0923624778664cc1c914db5d \
    --hash=sha256:68ccc6023a3400877818152ad9a1033e3db8625d899c72eacb5a668902e4d652 \
    --hash=sha256:70b189594dbe54f75ab3a1acec5f1e3faa7e8cf2f1e08d9b561cb41b845f69d5 \
    --hash=sha256:797b4f722ffa07cc8d62053e4cff1486fa6dc094105d13fea7b1de7d8bf71c9e \
    --hash=sha256:7c36280e6fb8385e520936c3cb3b8042851904eba0e58d277dca80a5cfed590b \
    --hash=sha256:7e7401d0de89a9a855c839bc697c079a4af81cf878373abd7dc625847d25cbd8 \
    --hash=sha256:80bab7bfc629882493af4aa31a4cfa43a4c57c83813253626916b8c7ada83476 \
    --hash=sha256:82d09873e40955485746739bcb8b4586983670466c23382c19cffecbf1fd8706 \
    --hash=sha256:8388ee1976c416731879ac16da0aff3f63b286ffdd57cdeb95f3f2e085687563 \
    --hash=sha256:8824b5a04a04a047e72eea5cec3bc266db09e35de6bdfe34c9436ac5ee27d237 \
    --hash=sha256:8b9c7197f7cb2738065c481a0461e50ad02f18c78cd75775628afb4d7137fb3b \
    --hash=sha256:9056c1ecd25795207ad294bcf39f2db3d845767be0ea6e6a34d856f006006083 \
    --hash=sha256:936d68689298c36b53b29f23c6dbb74de12b4ac12ca6cfe0e047bedceea56180 \
    --hash=sha256:9b22676e8097e9e22e36d6b7bda33190d0d400f345f23d4065d48f4ca7ae0425 \
    --hash=sha256:a4d3091415f010369ae4ed1fc6b79def9416358877534caf6a0fdd2146c87a3e \
    --hash=sha256:a8786accb172bd8afb8be14490a16625cbc387036876ab6ba70912730faf8e1f \
    --hash=sha256:a9f8c2e67970f13b16084e04f134610fd1d374bf477b17ec1599185cf611d725 \
    --hash=sha256:bc2fa7c6b47d6bc618dd7fb02ef6fdedb1090ec036abab80d4681424b84c1183 \
    --hash=sha256:c70c95198c015b85feafc136515252a261a84561b7b1d51e3384e0655ddf25ab \
    --hash=sha256:cc1c1159b3d456576af7a3e4d1ba7e6924cb39de8f67111c735f6fc832082774 \
    --hash=sha256:ce826d6ef20b1bc864f0a68340c8b3287705cae2f8b4b1d932177dcc76721725 \
    --hash=sha256:d584d9ec91ad65861cc08d42e834324ef890a082e591037abe114850ff7bbc3e \
    --hash=sha256:d7fded462629cfa4b685c5416b949ebad6cec74af5e2d42905d41e257e0869f5 \
    --hash=sha256:d84a1718ee396f54f3a086ea0a66d8e552b2ab2017ef8b420e92edbc841c352d \
    --hash=sha256:d8e03406cac8513435335dbab54c0d385e4a49e4945d2909a581c83647ca0290 \
    --hash=sha256:e10ce637b18caea04431ce14fabcf5c64a1c61ec9c56b071a4b7ca131ca52d44 \
    --hash=sha256:ec031d5d2feb36d1d1a24380e4db6d43695f3748343d99434e6f5f9156aaa2ed \
    --hash=sha256:ef6107725bd54b262d6dedcc2af448a266975032bc85ef0172c5f059da6325b4 \
    --hash=sha256:efdca5630322a10774e8e98e1af481aad470dd62c3170801852d752aa7a783ba \
    --hash=sha256:f753120cb8181e736c57ef7636e83f31b9c0d1722c516f7e86cf15b7aa57ff12 \
    --hash=sha256:ff3824dc5261f50c9b0dfb3be22b4567a6f938ccce4587b38952d85fd9e9afe4
starlette==1.7.0 \
    --hash=sha256:67f8e99895493dd2911a03f11314af6ceebeae4e704bb9f43dfc6a9db151c93e \
    --hash=sha256:c79f74ea63cff761804fbbfb182f1e0b440c2d07b164d24700c5a1bab5d6ff5d
typing-extensions==4.16.0 \
    --hash=sha256:481caa481374e813c1b176ada14e97f1f67a4539ce9cfeb3f350d78d6370c2e8 \
    --hash=sha256:dc983d19a509c94dba722ee6abd33940f7c05a89e243c47e907eb4db6f1a43e5
typing-inspection==0.4.4 \
    --hash=sha256:547274fa6b0a561ccf549cc9524b999a578e737d015d8709d021f9d0d13bea47 \
    --hash=sha256:65b8397ba37ccbce054456aaccddfc91e6e3083c92824df348d96ca832f3f147
uvicorn==0.32.1 \
    --hash=sha256:82ad92fd58da0d12af7482ecdb5f2470a04c9c9a53ced65b9bbb4a205377602e \
    --hash=sha256:ee9519c246a72b1c084cea8d3b44ed6026e78a4a309cbedae9c37e4cb9fbb175
uvloop==0.22.1 ; platform_python_implementation != 'PyPy' and sys_platform != 'cygwin' and sys_platform != 'win32' \
    --hash=sha256:017bd46f9e7b78e81606329d07141d3da446f8798c6baeec124260e22c262772 \
    --hash=sha256:0530a5fbad9c9e4ee3f2b33b148c6a64d47bbad8000ea63704fa8260f4cf728e \
    --hash=sha256:05e4b5f86e621cf3927631789999e697e58f0d2d32675b67d9ca9eb0bca55743 \
    --hash=sha256:0ae676de143db2b2f60a9696d7eca5bb9d0dd6cc3ac3dad59a8ae7e95f9e1b54 \
    --hash=sha256:1489cf791aa7b6e8c8be1c5a080bae3a672791fcb4e9e12249b05862a2ca9cec \
    --hash=sha256:17d4e97258b0172dfa107b89aa1eeba3016f4b1974ce85ca3ef6a66b35cbf659 \
    --hash=sha256:1cdf5192ab3e674ca26da2eada35b288d2fa49fdd0f357a19f0e7c4e7d5077c8 \
    --hash=sha256:1f38ec5e3f18c8a10ded09742f7fb8de0108796eb673f30ce7762ce1b8550cad \
    --hash=sha256:286322a90bea1f9422a470d5d2ad82d38080be0a29c4dd9b3e6384320a4d11e7 \
    --hash=sha256:297c27d8003520596236bdb2335e6b3f649480bd09e00d1e3a99144b691d2a35 \
    --hash=sha256:37554f70528f60cad66945b885eb01f1bb514f132d92b6eeed1c90fd54ed6289 \
    --hash=sha256:3879b88423ec7e97cd4eba2a443aa26ed4e59b45e6b76aabf13fe2f27023a142 \
    --hash=sha256:3b7f102bf3cb1995cfeaee9321105e8f5da76fdb104cdad8986f85461a1b7b77 \
    --hash=sha256:40631b049d5972c6755b06d0bfe8233b1bd9a8a6392d9d1c45c10b6f9e9b2733 \
    --hash=sha256:481c990a7abe2c6f4fc3d98781cc9426ebd7f03a9aaa7eb03d3bfc68ac2a46bd \
    --hash=sha256:4a968a72422a097b09042d5fa2c5c590251ad484acf910a651b4b620acd7f193 \
    --hash=sha256:4baa86acedf1d62115c1dc6ad1e17134476688f08c6efd8a2ab076e815665c74 \
    --hash=sha256:512fec6815e2dd45161054592441ef76c830eddaad55c8aa30952e6fe1ed07c0 \
    --hash=sha256:51eb9bd88391483410daad430813d982010f9c9c89512321f5b60e2cddbdddd6 \
    --hash=sha256:535cc37b3a04f6cd2c1ef65fa1d370c9a35b6695df735fcff5427323f2cd5473 \
    --hash=sha256:53c85520781d84a4b8b230e24a5af5b0778efdb39142b424990ff1ef7c48ba21 \
    --hash=sha256:55502bc2c653ed2e9692e8c55cb95b397d33f9f2911e929dc97c4d6b26d04242 \
    --hash=sha256:561577354eb94200d75aca23fbde86ee11be36b00e52a4eaf8f50fb0c86b7705 \
    --hash=sha256:56a2d1fae65fd82197cb8c53c367310b3eabe1bbb9fb5a04d28e3e3520e4f702 \
    --hash=sha256:57df59d8b48feb0e613d9b1f5e57b7532e97cbaf0d61f7aa9aa32221e84bc4b6 \
    --hash=sha256:6c84bae345b9147082b17371e3dd5d42775bddce91f885499017f4607fdaf39f \
    --hash=sha256:6cde23eeda1a25c75b2e07d39970f3374105d5eafbaab2a4482be82f272d5a5e \
    --hash=sha256:6e2ea3d6190a2968f4a14a23019d3b16870dd2190cd69c8180f7c632d21de68d \
    --hash=sha256:700e674a166ca5778255e0e1dc4e9d79ab2acc57b9171b79e65feba7184b3370 \
    --hash=sha256:7b5b1ac819a3f946d3b2ee07f09149578ae76066d70b44df3fa990add49a82e4 \
    --hash=sha256:7cd375a12b71d33d46af85a3343b35d98e8116134ba404bd657b3b1d15988792 \
    --hash=sha256:80eee091fe128e425177fbd82f8635769e2f32ec9daf6468286ec57ec0313efa \
    --hash=sha256:93f617675b2d03af4e72a5333ef89450dfaa5321303ede6e67ba9c9d26878079 \
    --hash=sha256:a592b043a47ad17911add5fbd087c76716d7c9ccc1d64ec9249ceafd735f03c2 \
    --hash=sha256:ac33ed96229b7790eb729702751c0e93ac5bc3bcf52ae9eccbff30da09194b86 \
    --hash=sha256:b31dc2fccbd42adc73bc4e7cdbae4fc5086cf378979e53ca5d0301838c5682c6 \
    --hash=sha256:b45649628d816c030dba3c80f8e2689bab1c89518ed10d426036cdc47874dfc4 \
    --hash=sha256:b76324e2dc033a0b2f435f33eb88ff9913c156ef78e153fb210e03c13da746b3 \
    --hash=sha256:b91328c72635f6f9e0282e4a57da7470c7350ab1c9f48546c0f2866205349d21 \
    --hash=sha256:badb4d8e58ee08dad957002027830d5c3b06aea446a6a3744483c2b3b745345c \
    --hash=sha256:bc5ef13bbc10b5335792360623cc378d52d7e62c2de64660616478c32cd0598e \
    --hash=sha256:c1955d5a1dd43198244d47664a5858082a3239766a839b2102a269aaff7a4e25 \
    --hash=sha256:c3e5c6727a57cb6558592a95019e504f605d1c54eb86463ee9f7a2dbd411c820 \
    --hash=sha256:c60ebcd36f7b240b30788554b6f0782454826a0ed765d8430652621b5de674b9 \
    --hash=sha256:daf620c2995d193449393d6c62131b3fbd40a63bf7b307a1527856ace637fe88 \
    --hash=sha256:e047cc068570bac9866237739607d1313b9253c3051ad84738cbb095be0537b2 \
    --hash=sha256:ea721dd3203b809039fcc2983f14608dae82b212288b346e0bfe46ec2fab0b7c \
    --hash=sha256:ef6f0d4cc8a9fa1f6a910230cd53545d9a14479311e87e3cb225495952eb672c \
    --hash=sha256:fe94b4564e865d968414598eea1a6de60adba0c040ba4ed05ac1300de402cd42
watchfiles==1.3.0 \
    --hash=sha256:000b9688fc8133037a8b075c8ebf98f32844ff8964dda61e85c1db547dafc441 \
    --hash=sha256:025b108f2d5cc2799cb941f79380df3e8b22bfb589c218e801767fe78d598c95 \
    --hash=sha256:04c5500faa725d69a99b0f63750e80795e455bb951849e9c98a811b4324997c4 \
    --hash=sha256:1acabde19b67e673274e89a04d613b7fb1f122e2c4b8ec9a581e59c149264b61 \
    --hash=sha256:26b81bc515a0f03f66a69a6fea86eea54c8eca4173c46dd7222569f79dd2f977 \
    --hash=sha256:380f513d26cc2e598266b88d66456e07d67ef4be8f0f435a1154d9c44b43d509 \
    --hash=sha256:45726c6b5a8d67c8087eb2933c4398948546d04206ef40f629dc4881d65d23d1 \
    --hash=sha256:4af9c464d410e8c44b58ddf1cbec7c3a02c1cb2c6c80df9c74659ba2fbda0ab5 \
    --hash=sha256:509d9f74d2bec5c1f4cd868ddcfe0c9601f7ea53066dfcb19d8ede742c4de661 \
    --hash=sha256:591de392458bca26f6130fea4e667c06b657e873ad334ea06fad5a79f5086cef \
    --hash=sha256:5ec46a1ff4c1d81405a5fc645abdbff5e4e9388f7c9a6cdb392316a7c29b884f \
    --hash=sha256:6398d250994baff581147ccba846223076fe6492ca93c0d1b3588fcf5355eb5c \
    --hash=sha256:7398930a2b76b9dc67a4e6b8bfc7baf30946892a86f417a3920c07bdd6febc30 \
    --hash=sha256:7c1125e99f84934a92996ae343501285617373acd66f16b59fd5654b27ad8d80 \
    --hash=sha256:81c989d7267bfb7b676cd32c83bec97914e396870983cbf493e29415037bff5e \
    --hash=sha256:99aee4a07847c06820765fd7b1b49ceac4f3f711ccb7d104655a33231de1c207 \
    --hash=sha256:a5b631db08fd3032db57ec6a92d1777cd60f88803287e4e941a4858c53aab1e0 \
    --hash=sha256:a85e243c87109d9f48a2e0d10d6abdee8768cc114848b32281ec83d7f81d86ef \
    --hash=sha256:b5768b49e426fd5b550b012c866db347cdf15c398ef98dc557b6e6b72fa74cd1 \
    --hash=sha256:bbc1198edfdc90fda0600f825aa94150f428dfcbf8138746f55998e0e660d64c \
    --hash=sha256:be9ef3cd403d756a304a0a08a112163c63da7ec72c8c9d083c98818291ff8f29 \
    --hash=sha256:ca39661934749df580d89f3dde266f2af7c6968f4c21c72ce2dc387d299e6aa7 \
    --hash=sha256:d36c72fcdc08f143d87316a4c4c3b064e340da2c7383d39803950740ed418935 \
    --hash=sha256:d4593392e87669836670f87d62fc754059eaeb0e6157af44060a46558cebe5a3 \
    --hash=sha256:d754e049006e81a9be49dc78ba7802081cee426e968cbc63ee19e164fa2d0e39 \
    --hash=sha256:d978cc1dd7ba44f5590d7de74f7a9c8be7262d9e469c2c0efb8bbfc2574321dc \
    --hash=sha256:da213822ec9082b62cadf3008e07a8c690ec7a3c89f6dc5e55a8cf07b56a1b26 \
    --hash=sha256:dd538c71766c59c732e2c5cedc39323c99c11897b99f93eac773438e54af206a \
    --hash=sha256:e0204f90677b7fb8d3a824279a71a01166bea9f6e53923b8056592d87b33b0b6 \
    --hash=sha256:e5871d4a7f788a9f64fb06f5793389d29d171e5c32d37c3ebfd520b017cc7694 \
    --hash=sha256:eb94e40b9a0db19636b5e3fed0a9803452ecc7381df13b385272abb779ee83ca \
    --hash=sha256:ec3cd4bb181a7b6329134204c2277c7144ab5f62cce9c5335d6f901ee7ce8d6a \
    --hash=sha256:f0c9865240e065a2247f4b5248528ae3d01e0e8ae071462c250c884dc16e3ee3
websockets==16.1.1 ; python_full_version < '3.11' \
    --hash=sha256:01fbdcbac298efe19360b94bc0039c8f746f0220ba570f327577bfee81059175 \
    --hash=sha256:024193f8551a2b0eafbdd160911012c4e6c228c28430c84433253299a9e42d6a \
    --hash=sha256:04fd29a0e2fe9414a95b00e92c67ae51bf900c50c0f8a4b2dafdad621f49ea1d \
    --hash=sha256:056ae37939ed7e9974f364f5864e76e49182622d8f9751ac1903c0d09b013985 \
    --hash=sha256:0f62863e8a00a6d33c3d6566ec0b89f23787b747ffe0c3bc71ec0e76b82c94b1 \
    --hash=sha256:0ffd3031ea8bda8d61762e84220186105ba3b748b3c8da2ae4f7816fac03e573 \
    --hash=sha256:1214e673c404684b9bf7154f5cf43b45025b1a6160fac3a9e438e9c1a97e22cb \
    --hash=sha256:125f22dbefaf1554fea66fc83851490edb284ce4f501d37ffed2752f418332d9 \
    --hash=sha256:130937b167a52af203c8d58e78d67705874e82759862e3b9671a452fec4abc87 \
    --hash=sha256:1427fb4cf0d72f66333e2cacc3ff5f575bf2d7008166ce991a4a470b21d51a22 \
    --hash=sha256:195c978b065fa40910582464f99d6b15c8b314c68e0546549a55ed83f4735328 \
    --hash=sha256:1d27fa8462ad6a1cb36206a3d0640b2333340def181fae11ed7f9adeaa5c0747 \
    --hash=sha256:1db4de4a0e95673f7545d393c49eeb0c2f18ac1ef93073218c79d5cdb2ee75ab \
    --hash=sha256:1f79c89b5eb034d1722938a891916582f8f7f503f58ca22518a63c3f2cd18499 \
    --hash=sha256:23253dd5bcae3f9aaee0a1d30967a8dbd52e5d3cff93a2e5b84df57b77d4750d \
    --hash=sha256:249116b4a76063d930a46391ad56e135c286e4562a18309029fc2c73f4ed4c62 \
    --hash=sha256:29dfa8114c4a620c69591c5973860f768eac29d3fd6904f37f34266cb219c512 \
    --hash=sha256:2a606d9c24035242a3e256e9d5b77ed9cd6bccfcb7cf993e5ca3c0f6f68fb6a7 \
    --hash=sha256:2a636ff1e7a5c4edf71ef0e79adae7f25dba93b4fcbe3dc958733477ffeb0eaf \
    --hash=sha256:2bb5d041a8307d2e18782e7ce777f6fdb1e8c2f5d09291484b18c294b789d9aa \
    --hash=sha256:2e28e602bb13da44fbe518c1781a88e3b9d4c3d48d02c9bad83e546164336f57 \
    --hash=sha256:30bbe120437b5648a77d3519b7024ea09530e0b5b18d3698c5a0ae536fe0cc2e \
    --hash=sha256:34420aaa64440ebd51ac72ca8a45ef4626429438c9b02e633ae412ed43f925d3 \
    --hash=sha256:38565aca3e01ea8734e578fb2118dade0ecb0250533f29e22b8d1a7a196cf4d0 \
    --hash=sha256:387e8e4aa5df2f90b198fa3cad3478822a89cf905b6a6d6c97dc3664689640cc \
    --hash=sha256:39f2a024af5c345ffe8fcf1ee18c049c024c94df393bb09b044a6917c77bde43 \
    --hash=sha256:3df13f73af9b3b38ab1195eb299ecb67a4330c911c97ae04043ff74085728abe \
    --hash=sha256:414e596c75f74e0994084694189d7dc9229fb278e33064d6784b73ffbba3ca31 \
    --hash=sha256:41c8e77f17294c0ac18008a7309b99b34ee72247ef10b6dff4c3f8b5ac29896b \
    --hash=sha256:42290eb6db4ccaca7012656738214f8514082fb6fa40cdeb61bb9a471b52e383 \
    --hash=sha256:42f599f4d48c7e1a3338fdaac3acd075be3b3cf02d4b274f3bf2767aedd3d217 \
    --hash=sha256:43e3a9fdd7cbf7ba6040c31fae0faf84ca1474fef777c4e37912f1540f854499 \
    --hash=sha256:443aefe96b7fdb132e2a70806cca1f2af49bb3f28e47abcd7c2e9dcf4d8fa1b8 \
    --hash=sha256:46dcaa042cd1de6c59e7d9269fa63ff7572b6df40510600b678f0826b3c7af51 \
    --hash=sha256:496af849a472b531f758dbd4d61338f5000538cb1a7b3d20d9d32a264517f509 \
    --hash=sha256:49ae99bdfcae803a885c926bf14f886196e84925395bb3f568fef5c0f0979d7d \
    --hash=sha256:4b57693728576d84ede0a77987ab16881b783d2cd9f1dc180a8fbbc3f79c4428 \
    --hash=sha256:4e3b680b1e0a27457e727a0d572fd81dffa87b6dbf8b228ab57da64f7d85aead \
    --hash=sha256:4e8d01cc3bcae7bbf8167f944aeafefed590fae5693552bba9794a9df68371cc \
    --hash=sha256:5283810d2646741a0d8da2aa733d6aefa0545809afccb2a5d105a26bc45125f1 \
    --hash=sha256:53260c8930da5771cec89439bff99c20c8cb03ddb9588b980697355a83cd4bd3 \
    --hash=sha256:536676848fc5961aca9d20389951f59169508f765637a172403dc5434d722fa0 \
    --hash=sha256:54509b8e92fee4453e152b7558ddef37ce9705a044922f2095a6105e3f80c96f \
    --hash=sha256:56cd5fc4f10a9ea8aa0804bddb7b42506cf9e136046f3b4c27de8fec9e2ecba5 \
    --hash=sha256:5bfd1ac19b1b9986a9c95a82d5e23a391ebb09e12c34d7be6094b86efcc35731 \
    --hash=sha256:5c31aa7e39ee3e8a358573257f1c0bb5c52430d1b637030dd9c8cc2c282926be \
    --hash=sha256:5e3b7d601f6f84156b08cc4a5e541c2b50ad7b36cfc302b657a12477c904a5df \
    --hash=sha256:61922544a0587a13fd3f53e4c0e5e606510c7b0d9d22c8444e5fae22a06b38cb \
    --hash=sha256:6456ff333092d509127d75a638cb411afae8ff17f092635015d1902efec8a293 \
    --hash=sha256:69159730a823dde3ea8d08783e8d47ef135a6d7e8d44eb127e32b321c9db8e3e \
    --hash=sha256:69e52d175a0a7d1e13b4b67ad41c560b7d98e8c6f6126eb0bda496c784faf8c7 \
    --hash=sha256:6aaface73b9c71974c6497366d8b9628357f6c9749e09c4ea3610176c63f2ae3 \
    --hash=sha256:6abbd3e82c731c8e531714466acd5d87b5e88ac3243465337ba71d68e23ae7e3 \
    --hash=sha256:6ff9417c0ada4d0f7d212f928303e5579bdf3ace4c802fa4afabb30995da58c3 \
    --hash=sha256:7421fad442de870a8cbf2287d1cad7e706ece0dbfeba5e911df132cbdc1cb56a \
    --hash=sha256:7883388947767080f094950b342b30d35a2a06b849cd967c422fa0db72b40ea9 \
    --hash=sha256:79eace538c6a97e96d0d03d4f9d314f9677f5ed85a8a984992ffd90b13cb8a56 \
    --hash=sha256:7b1b19636af86a3c7995d4d028dbe376f39b4bf31541146f9c123582a6c94562 \
    --hash=sha256:7dfcad78ea1492ee3a9ec765cb7f51bbc17d477107aaf6b22abf7b2558d1c5a0 \
    --hash=sha256:8087e82f842609734c9b5a1330464f8e94e346ba0e18c832c08bafa4b0d63c15 \
    --hash=sha256:820fb8450edddae3812fd58cbc08e2bf22812cb248ecb5f06dbb82119a56e869 \
    --hash=sha256:8483c2096363120eea8b07c06ae7304d520f686665fffd4811fad423930a65d7 \
    --hash=sha256:84a2cef8deffbd9ab8ee0ea546a2a6a7030c28f44e6cdd4547dbfeb489eb8999 \
    --hash=sha256:86d7f0f8bdb25d2c632b72527325e4776430fd5bc61b9118de4e2b8ddb5f5b01 \
    --hash=sha256:8fe0b50da2d84535fb4f7b4bfa951280f97ce3d558a0443b541166d609e67b57 \
    --hash=sha256:90001d893bc368e302ef168d82130b4e4fdd27b85fa094682df9b667c2d48838 \
    --hash=sha256:9246a0d063cfcbcc85f2359dd6876d681213f4790832272aa16641b4ed5d64d4 \
    --hash=sha256:92b820d345f7a3fc7b8163949ee92df910f290c3fc517b3d5301c78065adafe1 \
    --hash=sha256:952303a7318d4cbe1011400839bb2051c9f84fa0a35923267f5daba34b15d458 \
    --hash=sha256:97fd3a0e8b53efa41970ac1dff3d8cf0d2884cadeb4caaf95db7ad1526926ee3 \
    --hash=sha256:9c1c5705e314449e3308872fe084b8571ce078ee4fc55a98a769bdefe5917392 \
    --hash=sha256:9c9f23004a3d40e89c01a7955d186a6cc83418d93b749701944ce2de3e95a1f3 \
    --hash=sha256:9f63bcef7f4b02b06b35fc01c93b96c43b5e88e1e8868676caacf493d5a31f3a \
    --hash=sha256:a0eadbbf2c30f01efa58e1f110eb6fa293261f6b0b1aa38f7f48707107690af9 \
    --hash=sha256:a28fcbc9b6baf54a2e23f8655f308e4ccc6afdd7266f8fe7954f320dcda0f785 \
    --hash=sha256:a6a61aff018180c9c50b7b0da33bfd29d378af3497429c95006c589a23a11648 \
    --hash=sha256:aabe464bfd13bd25f4821faf111da6fefdc389f870265a53105580e45b0a2e49 \
    --hash=sha256:ab59169ace05dcb49a1d4118f0bde139557adf45091bd85747e36bf5de984dd1 \
    --hash=sha256:b436f6ec4fc3a6b4237c84d3f83170ed2b40bb584222f0ac47a0c8a5921980c7 \
    --hash=sha256:b6b9dadbef0cccd9f4c4ee96b08898afa73e26803bbe0f6aeb5bb12b0074206d \
    --hash=sha256:b852788aa51764e2d8e4cf5493d559326bcae5e38d16ba25ffa322b034df272a \
    --hash=sha256:bae954c382e013d5ea5b190d2830526bfa45ad121c326da0049b8c769f185db6 \
    --hash=sha256:bcce07e23e5769375158f5efdcdafa8d5cd014b93c6683865b840ed65b96f231 \
    --hash=sha256:cc97814dfb786a83b6e2dc2e79351e1b83e6d715647d6887fcabd83026417a00 \
    --hash=sha256:cd2ca96a082a36964aca83e992f72abeb61b7306c1a6cba4c7d06a7b93750cac \
    --hash=sha256:cfb70b4eb56cac4da0a83588f3ad50d46beb0690391082f3d4e2d488c70b68ea \
    --hash=sha256:d0fcf657e9f13ff4b177960ab2200237b12994232dfb6df16f1cfe1d4339f93c \
    --hash=sha256:d14bfb217eb4701e850f1525c9d29d79c44794cdf1c299ead25f39f8c78dea81 \
    --hash=sha256:d57685547e0060cc6fd90ee6a28405d6bd395e525545f13c8d7cd99c78afd79f \
    --hash=sha256:d6bec75c290fe484a8ba4cacdf838501e17c06ecfbbf31eede81a9e431bd7751 \
    --hash=sha256:d9531d9cbeac99af6f038fb1bc351403531f7d634a2c2e10e2f7c854c6ed5b68 \
    --hash=sha256:da4ca1a9d72f9030b3146b8d7022719a9f3d478f61efe6f7dd51d243f61c51b2 \
    --hash=sha256:dab9eb87869da2d6ed3af3f3adf28414baae6ec9d4df355ffc18889132f3436c \
    --hash=sha256:db234eda965dcce15df96bb9709f587cd87d4d52aaf0e80e2f34ec04c7670c57 \
    --hash=sha256:dc0fad4933f427acd5b1cec210f3ea6dce7089e1724e4b9ec6ef47c6c04d1b3b \
    --hash=sha256:dc385593a42e31cd6fb60c19f0ecb015b386603818fc2c6c274fb42bd2bb4165 \
    --hash=sha256:dcc04fedf83effaeb9cce98abc9469bb1b42ef85f03e01c8c1f4438ef7555737 \
    --hash=sha256:e047dc87ef7ca50f4d309bf775ad4a71711c58556d75d7bd0604b2317f43e94b \
    --hash=sha256:e09f753a169951eb4f28c2c774f71069304f66e7277e0f5a2892423599cfa854 \
    --hash=sha256:ed5bb271084b46530ee2ddc0410537a9961152c5ccba2fc98c5276d992ccba87 \
    --hash=sha256:f0aa4aad3b1b69ad3fd85a0fd0952ec64331c762bd77ec51cc814170873890b2 \
    --hash=sha256:f17dbe07eb3ea7f99e4df9b7e0efefe80fbf30d37a8cc4d561a0aed310bc8847 \
    --hash=sha256:f2769a0344a09e9ccf5b3cce538bc75a51b53eff3275d3896310c8552049195d \
    --hash=sha256:f55f0b01956a094c8587146d9558c91937e78789c333860ffaf35931a6e5dbc4 \
    --hash=sha256:f5d497865f05bb222cab7016c6034542e84e5f29f49c6fd3f4939cda7197b5b8 \
    --hash=sha256:f70541f3104339f59f830522d94ebadb1bf47426287381623443d8bb1cdbf33d \
    --hash=sha256:fb9a0a6dc3d1b3986cb88091b6899f0396651e0f74e2c9766ab8d6ffc3842e29 \
    --hash=sha256:fce6c48559c86d1ac3632ccb1bebc7d5442fbe79bd9bb0e40379ee54be2a4051 \
    --hash=sha256:fd46fff7eb62c24804d234f0051c7a8ea81285ad63e0337d3dcf33ca82aee58a
websockets==17.1 ; python_full_version >= '3.11' \
    --hash=sha256:0014eaff8ad5b3b43feda2279f9d34bf2eaae040720b9fbbb55944b10f40b14d \
    --hash=sha256:00679b7468b4c2b12b0757118174e8eabac56bb2f579a928a104d9554a56e098 \
    --hash=sha256:00bf34b64501e3477e81fc281532ff3cbf4da26633c10b63979d5085d46602d3 \
    --hash=sha256:01dcb47deebc40b38fd4a493b9b9f4d0a704b7bec6f35e4d34085b329abce71a \
    --hash=sha256:020e271205f8ab3406d7a59cd00de6dec722315924411c421bd00642f18bad86 \
    --hash=sha256:0340bbef6bfbe16da888b3983d666a4db4954ac3253c38f13bc7aba0c7db5a2f \
    --hash=sha256:054c28db2dcec0e857e3b705d8c28012613e555b38c765d6a4f75340a4fc06a0 \
    --hash=sha256:073c5c3f7e127041fa9d34a9e29ceefee8c3cafbd267ed2927318f425144380d \
    --hash=sha256:07fa3e7c30e2c577928d359b56bf872a3e0cbcc15553eaa0907c1ee86344b56f \
    --hash=sha256:0c84bdef916556cbe1d5a43b423398be4dd3cba6522b463e53d848578b920695 \
    --hash=sha256:0c863507ada5805517ca6dff1c524dcd42942efe6304dacf06700878398d21a6 \
    --hash=sha256:0c9982938980e086da59f70d05f9418cd143401a601a0faac10fa48f7bb1cd3e \
    --hash=sha256:0de501b7f2db11e83739ac20e2d33d46da4604b829f506c24be80e7def069391 \
    --hash=sha256:0f4f50dfe2cc810fc4e2de979b35e83bf8bb4bccdc6fe472d93762ea7b1d5927 \
    --hash=sha256:1036189bd34b0bc1b10a4679321e2c7968af317efe6e8e4c1c5141c4254fb5bb \
    --hash=sha256:10ecb38ffc05e1841b619d99c725307a223ef9ad58e7b1ed33311d472dc43918 \
    --hash=sha256:12c8e2b25df59755954a04dfa09c990b96691025aaf7eafd19ed6da24b09c18d \
    --hash=sha256:12fe8984a32dbfd084e0603f1a8d740c0180cb85b3174585c54a80d2455a8394 \
    --hash=sha256:17aa424ab61620aad21b36b2240efc87b500cc496e7d0e999a5c2ae99395e886 \
    --hash=sha256:1a20136d61f9ca3a31493732762661fafc2c20e8861930214e21afc6a8a692a2 \
    --hash=sha256:1a5cf4e7bbe3ca499e6a289206cb4fcb7444b09919e129bd517f57d5fa192c13 \
    --hash=sha256:1c7ac77401227212dc6e849182feee50d57cf456ec6329ffd6979c94bb136c5c \
    --hash=sha256:1fce0f43e0d41422e0b2cad6561e1970df22f212f4c7e884967df7cf591b031c \
    --hash=sha256:259f45358c76d3b18489e3e80636cdbe807e05ecf1b10fdf1a779106d23d0c8e \
    --hash=sha256:2786cbd273ab69c22612db8a41229ddf2c158060b17b5928884bf388d07887f3 \
    --hash=sha256:29176d8b429cfa0fa443c473878d37a5c06cfd0cb36b71ba4314accc71e05906 \
    --hash=sha256:2a0162a6372110a5601cb5c9fd826635cedf69f3e110c545dd19774e040b970e \
    --hash=sha256:2a4dc6ef83f4559e0d05f313a375cb38f63c986096a9da99fe94fdd779d313e5 \
    --hash=sha256:2afb58c7ba48b329d56769f8dfd89f394efe587b65ef806bae810a484d6d3608 \
    --hash=sha256:2cce251f3e2469b99b6802b55435bcdd07123b41870f54c87b336183af9d7e68 \
    --hash=sha256:2d72879819f5145a342d0030c418702496c65a4b913ef81f5ae944dd91dd50f6 \
    --hash=sha256:32a2a68d989d6e5b74a9d5095415c51189ebae29fceb7cf2b64a1c0318a81256 \
    --hash=sha256:33e45c7ea38428e740a7f233555d71df0b875cef7fc080acebc9654475e35335 \
    --hash=sha256:34879e19bb0a3c44f9317679435aea5327fac993933a704cbf353bf1234b10c7 \
    --hash=sha256:3546ef55b3a074494106508bc6505c73825970d2d9505f7bf53882b3e88b0d1e \
    --hash=sha256:3709a1ab30b4b922027d22f68d2b61a0656a91680ac894a537624e6be7dd7f7c \
    --hash=sha256:4031152769179ab8dcdeafc7b0e58052a49117560a28671700b47b2c7b717aad \
    --hash=sha256:406b8107943a43ef4649b1e0cb0cdc052bbf08fe1c8905a623c4af9586e5cebb \
    --hash=sha256:416b4bc8789a1865a3ff643ec4ee073a5f52402d0dbeafd27b1798d5dd6b6a51 \
    --hash=sha256:43bd0c1ceb924d67f5c1a5254d8361dd9d94246e6331a726064dfa2917880780 \
    --hash=sha256:455ffeea0879d313205df1e745e5883e1feb7f31ecd26be882f5f0babd3db04f \
    --hash=sha256:469355ab1af100b9380f1afb09985019f4a4b94fa1dd0e9396db4361626d7ab8 \
    --hash=sha256:46c0331c9eaaf73a559f3a9e388466be0df96eb83d40f06f1ca6ab6613b35c82 \
    --hash=sha256:46e7a10bf04318c7b0c0273791925ae5e1cbe4a11e34aa934d2ef27862058a80 \
    --hash=sha256:47a62d6045c6eaa0d8f97bc2fb68b8cf90077a0cbfd4e83d6f2d2145611ee134 \
    --hash=sha256:4af784f3e436f65b355c117c6497320f2b5cf6a559295cb1c4c7338e335d45cc \
    --hash=sha256:4e8ffcb486c8490a34a4cef5e4409d8da5a1cb1681e5bf7d786ce5e84aa8540d \
    --hash=sha256:50903d335bfda026c2fa11dd9aed09d8cbee0c451e3a85122a9acb041b7dc69b \
    --hash=sha256:57b39dc8541cf7ed3f639da82bf7451060483967f9e733da1f8173e4095f0642 \
    --hash=sha256:581fa678ef46f4277cc8491312468e582f8ad609dbab907ba6096a08c6a0ff98 \
    --hash=sha256:5a74531ce81af587f906ab42f194032388fcff8fc7938402e5917c9147a39441 \
    --hash=sha256:5aefe78e6a3077fe22b5e64b04666a85a3eb8b934d40e8595a693adcbceb6f11 \
    --hash=sha256:5c27336b1a0ac56569493e858497870347854372395f50483725f8cdacc5a45c \
    --hash=sha256:5d4724255fb8398acd9e583b97eb2279cec20e0bd0f9a94bf75f6056ef9f13da \
    --hash=sha256:5f051f8030a51815dc00e24bd2e5f1435af095c1cc111d747ac6e2a3620d7641 \
    --hash=sha256:615746b12b26a3fd4077bc6fbeb277a1c192a45dd57b531d07ad9ed5c52a9a7a \
    --hash=sha256:617243e19a0992095956f406ee9cd3bc4ba92862d83cb1d83bb59ce574412bec \
    --hash=sha256:655a8e28010f09fd6fa317e857afab3af7647f33e41dee88fa421e92086d1090 \
    --hash=sha256:65be6bda2b537fefa4b3a5ccd6ab386533ce39dd8fe62433ec90901fdc81752d \
    --hash=sha256:67258b00302a5aaf0b267771c7014b13429abd7ea17eebc4c55bd935ff101555 \
    --hash=sha256:677014a073bcb1fbaa7e21144786864f16c08f856d66834f611eceb9006cbab8 \
    --hash=sha256:6a8e768a048c2220697477ce2e67e4345dc9f693d0ee6af53945b5e30227c6a7 \
    --hash=sha256:6da17fc94bd270f5987b10bee113461ac36a36a98b0481ddcc98056e5a90001a \
    --hash=sha256:6de9acef07e3a78e9567fcd26c29011a4da8f050b13004bbf880a0fd82a6eea5 \
    --hash=sha256:6e63c01803be425ff062b7f7fc201a74def1d49fc94a2410dd17375df75936e9 \
    --hash=sha256:6f42912fa9eb4cb7c7ec9fde9b3332ba339eb8a8811981043d4029599f3d950b \
    --hash=sha256:722ec21717eec6477bce582147a28acdfe034e604239466a6a95daedb863e774 \
    --hash=sha256:764cf7bfa149365f32b7a0fd9fed32debdac29dd06295d5635cde1745b446cd8 \
    --hash=sha256:76dd004f59115087c7b700474cb18f01325e37250032e19396c08ae41448e4b3 \
    --hash=sha256:77b37cceca17291897c3c73bd30a7c7c7909593554b5da574ec852af83c1742a \
    --hash=sha256:7a72efa3bf4fa3a6669a54420a472ad056da3973d827f10e3a536da463f926c2 \
    --hash=sha256:7e724f843fa6a0614aece65a7c73e51d0f4412ca41dccac13c3caf98e69536bb \
    --hash=sha256:8196d217eeca52b9235ee1f8a684a09885a5f953d5a31e80ef915bf2c5c94f9d \
    --hash=sha256:829dba1bc049779de9b332088c1a6a9858e96bd67e50b6b644a95e02b67836bc \
    --hash=sha256:84f25e099fdfe3b09f953d84698f729a1f7d1e99101b2787d7a28ed77b323750 \
    --hash=sha256:87f0d5e77548b0c40c8464cdb6108792e7e53f487c6400028a4ec28a8afbe5ab \
    --hash=sha256:880069d21cc33a558dcf180924a546d1ecf8ada5be3e4e70acee87019d706a24 \
    --hash=sha256:882af300d2c6a092b93767d5de03c7bb56dfb06314140c8e872d3f48e09f7b74 \
    --hash=sha256:88381602e379165b66244b2ebc29f9b23ea0851fbe63ae157f91ca324f072d6f \
    --hash=sha256:88b882764ef65147a7a5ae13168dedbe225a04e2ff4858fe543f2c402f093e9c \
    --hash=sha256:88bc5138e53903a85c354e59df7ba73ce306f7b09724cef74dba121e60a88ce2 \
    --hash=sha256:8d1b108bd8f5f6a8b90801f6db3b3858d5deca889acfdb8ac497bbb24e4b0edf \
    --hash=sha256:8f6c38cdcaf98a911d7acc25577f2f9e710f3a2fc2bde1563556784320196b51 \
    --hash=sha256:8fbf28e639544503b7d1c96452a5e5e043e4108d89b1f3fa02910603622d19db \
    --hash=sha256:96abdecbaae746851b87c3a36cb4a661df93ca3d92f114270f79228bf1d00de6 \
    --hash=sha256:98a5b2589a56a4b4f098b0a958099a4356ab904a7844f1da3841efca469af7e9 \
    --hash=sha256:9ae55d24241fc055f22aea3ac924559069848bd0ad4ea065fdd72d2194685fe8 \
    --hash=sha256:9f4a08ff7cb68c27b18e09223cc6304e01d0f82d5a240d251266dfd2e6e44729 \
    --hash=sha256:9f4c0377a83e163a303514fdfab501dbe379bdc13e5b9312a91d112658b29dce \
    --hash=sha256:9fa1ffa08c81a4f809cdab6129f8e55bee4650b9d6d3461019dda73aacd146b6 \
    --hash=sha256:a06f3b5085176763182449559e20391d7ce616a8972a9f7a33deda87ea6d4f3c \
    --hash=sha256:a62d8c424383c9dc769ff3672018df822603117e32686e567d452ed035b6fb2e \
    --hash=sha256:a7b35181a14cbfcae163b4de545d22abfd07d06c2c41ca69cfcd99251d6888ab \
    --hash=sha256:a9fe648abd1d9b89aebfa30407bfdd08a0271ec5dc7d44a4c6ccd1ce22cf562a \
    --hash=sha256:acfea4c20bf54384883ea33b1240fc1db4f52e190823a4e2b334bc3e8bfca96a \
    --hash=sha256:ad68c28a27246fed109a4409393d677b7e1388345cbbd2f5aee5c182d8506110 \
    --hash=sha256:aec00f018d34c67500ff0438dc314b40277be4a1b983cbacbf53ccf7db63e257 \
    --hash=sha256:b1bc819c6db90e8f91a38250a1ab4c058261871aa52d2fe36382eddedf146dee \
    --hash=sha256:b1c323fc3be1dc3f87f6c59458cb7d9e13dcbbf971d6c3f3e2bbaf58d3bfcdfe \
    --hash=sha256:b3b451fd2723ad3191a209afe6f3f4bc86c83e9a85bdc255353b91803ee6aa66 \
    --hash=sha256:b65d5fe48219dc2d5e158de9e6514e75600f379cc7e37108d35f31764c155566 \
    --hash=sha256:bb0efe019480a1c93e168ce96479273aaebd672fc8c350d5eed1e507ababb1b8 \
    --hash=sha256:be3f0129c5654517b2abf07dcb75bb1d9479759a4ccfb569e8293579e9fc029a \
    --hash=sha256:c3241d684a76eaaef8b2dc789afde4343cd3aad55ea81e4e8ab3605b529bae51 \
    --hash=sha256:c65da239a5ad553619804c1f9d65c1a0b3005381c6158ee14da2c7444cbd0c78 \
    --hash=sha256:c89406fa3dcd4aa8662c6406cc5c0de1790e9614d2c3aaf03ca53a8a8ccf3405 \
    --hash=sha256:ccbf3f4a9890d50b3a08ee04029fde30a03bfdeffaa19977628bf17251764e60 \
    --hash=sha256:ce0305b702b20d1e1d60a9aaace6bc89970e1753565543f310d549eab22c2435 \
    --hash=sha256:ce13c7d233239e739600a57d4a73c1192ad8259e655a4d55aa1a454242bc809d \
    --hash=sha256:cec1bb8f22abccc8d20f8ca63df9be41600c26c190f4b97ee86c675fd4a863a6 \
    --hash=sha256:d1e2f5fa2b6d01f0d85b4f223fea7ed1d504be282a02a81bd2be4817ef7a2f03 \
    --hash=sha256:d334d11398086bb5559606cb42d51c013ea7c061c7db701521392373d3c087f5 \
    --hash=sha256:d411ea5ca18ac1b12c0c94be88b60c18ca641ac43bcdfdf1c9f79d46cdbe1603 \
    --hash=sha256:d41ef69d5416fbc1d98cf96c37be6192d10fd101c3e0f8b3ddc36e09432b3c08 \
    --hash=sha256:d58159af7835fde09c462394293c0d7aaf8fb4557d8f8e5699f5e722ccae013d \
    --hash=sha256:d7b349265fad6244013eecd99df8d83c12bf3013943e431f4fadd5bffc37db42 \
    --hash=sha256:d8e83333385cac6030a5167fd18bf96cc6c58b914c308e683f05b0cf94bc8dd0 \
    --hash=sha256:d9d01e8ede41fea4f5a847dad9d628355f74905f437a5b6856d67aa66d193800 \
    --hash=sha256:d9fc873e239c5abeb150bc24dbd1a7af23a9254526383ce0a077f5e20adbeb19 \
    --hash=sha256:db9d7ee47f3ba531e278be539af39e2c7c7d28fb94897b6cd1120d63b0ef5922 \
    --hash=sha256:dc053f9e95a76213c5eb7ed95779f7daf0d2bf0e4e03073629ebfa43a033f151 \
    --hash=sha256:dc2b79afc074d2f3e64b26539350f697fe1b85ea1c49ea24eb588f247b053ce1 \
    --hash=sha256:dc5789e5ea182b77a38881383ada5347202a6c66f4857d054e075290e80b604b \
    --hash=sha256:dcb8d5f7edef7a399d322cf28d4c4e6f98dab64d301c8f50581a1080e5198142 \
    --hash=sha256:e4bd7eacb87d8cf3ed70d6392c770a0d92441f05d7d2a3efafb5bc171d5e3067 \
    --hash=sha256:e552e0037230ac16e5f568de7012041344d1b18c9feed30ec2891b8eba55af81 \
    --hash=sha256:e5f5c7a893507d0e83a80b88aefd6522f7e882cd53f9722c6f23f5a020c9557c \
    --hash=sha256:e74e41f0ad12ff1e8983e349daef79d37cc8280c743ce9d134d6c74c18dab5d6 \
    --hash=sha256:e78fd4b7b2c5086a38671c9c882c1e643385eccea360b5b1fda4a105e590087e \
    --hash=sha256:e8dc3fa6d6b7ead3f9de57895f41b116a28787548e066365d9d90f7356bcaad2 \
    --hash=sha256:ea0ed9373b880115911d9d39634bccc95b8ce590c9c42e8589f5cacc3ef3cee2 \
    --hash=sha256:edadce7a22052056fd4384543019856b34850363c9d387929f677ae01d79709c \
    --hash=sha256:eec113a5b41d124ef42ff56b0d74a6da3fd986400038eab9e58ee42a4024e837 \
    --hash=sha256:f221081107b8c48184d99f7019604486376e7ef826037e70aad6b02540732c23 \
    --hash=sha256:f3a1d577e081667dda7f8e5b4796e6e32f9713c93e2a3d930669519840a3c623 \
    --hash=sha256:f47aafd92aa28b941180e6da8a42b0f711851b14b81a5b6bb28dbbb1fa35152c \
    --hash=sha256:f4c45ee2512d3757b5e6c67c5a34e435143f2ecb7df3324f9fd888688c45c0f4 \
    --hash=sha256:f58f58b4b29bbea2a3635e2c56eff4a3adab011fe383802a9e542e31b97085fc \
    --hash=sha256:f612dc57f00c07cf4aa2673f7cbceabd654ad2457b7e639f061b794d6e11f9fd \
    --hash=sha256:f62114a54117e4948a1e414e89521f7fe1e3c2f83f2a571a06a4fc6718b0900a \
    --hash=sha256:f64e001bb7fa89b9f32cfa600bf8e9ac8ca26759d9b92ae01453ee303d9cd7b4 \
    --hash=sha256:f7233eaf441a345a5943a929fd4b5ea3278f11aed35a9ed0f3106b8cb3ca846a \
    --hash=sha256:f78a3ffb1994304db2c0c4588e4d1a518079b557054fa3bb985a6f5e50ff49a3 \
    --hash=sha256:f8e822efd54137d8cc8310eb64635ab827a4a6c72ff08691f38aa624776d8ecb \
    --hash=sha256:f98bf378d7a5be047a044a1a27c987a8f355e10e3b5754617dbe756248cbc5ce \
    --hash=sha256:fb88076df585b69c5761c387c0081aa87d7b9eb1b205a6535ca4777e25650d81 \
    --hash=sha256:fd8f47dbf2e8adb15c847215f83436de3fdb120b51fdae0fbbdf69fd97a3ad80 \
    --hash=sha256:ff3e2ba7a9f0a110b0555452e9b5a03a34e11662544e01beea15f144b48ba7b7
